
Microsoft Visual Studio Solution File, Format Version 12.00
# Visual Studio 2013
VisualStudioVersion = 12.0.30723.0
MinimumVisualStudioVersion = 10.0.40219.1
Project("{2150E333-8FDC-42A3-9474-1A3956D46DE8}") = ".nuget", ".nuget", "{F7942EB3-641C-4F10-9D54-8D0195099B7B}"
	ProjectSection(SolutionItems) = preProject
		.nuget\NuGet.Config = .nuget\NuGet.Config
		.nuget\NuGet.exe = .nuget\NuGet.exe
		.nuget\NuGet.targets = .nuget\NuGet.targets
	EndProjectSection
EndProject
Project("{FAE04EC0-301F-11D3-BF4B-00C04F79EFBC}") = "TestPulse.Framework", "TestPulse.Framework\TestPulse.Framework.csproj", "{A94F16EA-F043-4A71-9D32-922FCC784833}"
EndProject
Project("{FAE04EC0-301F-11D3-BF4B-00C04F79EFBC}") = "TestPulse", "TestPulse\TestPulse.csproj", "{7C13CC6E-C32D-4886-B625-8D26F762F068}"
EndProject
Project("{FAE04EC0-301F-11D3-BF4B-00C04F79EFBC}") = "TestPulse.UIAutomation", "TestPulse.UIAutomation\TestPulse.UIAutomation.csproj", "{790E12B7-EF85-4F39-B60D-E3E29EB9A3E8}"
EndProject
Project("{FAE04EC0-301F-11D3-BF4B-00C04F79EFBC}") = "TestPulse.AcceptanceTests", "TestPulse.AcceptanceTests\TestPulse.AcceptanceTests.csproj", "{7742363F-C2F1-4777-BFE4-63A10F370698}"
EndProject
Project("{FAE04EC0-301F-11D3-BF4B-00C04F79EFBC}") = "TestPulse.SharePoint", "TestPulse.SharePoint\TestPulse.SharePoint.csproj", "{EE704935-9BE7-4BCB-A1A4-11C6CAA61292}"
EndProject
Project("{2150E333-8FDC-42A3-9474-1A3956D46DE8}") = "Documentation", "Documentation", "{91929209-3261-41FC-8799-CE821AC0271B}"
	ProjectSection(SolutionItems) = preProject
		docs\example-of-feature-file.md = docs\example-of-feature-file.md
		docs\index.rst = docs\index.rst
		README.md = README.md
		docs\remote-powershell.md = docs\remote-powershell.md
		docs\testpulse.sharepoint.md = docs\testpulse.sharepoint.md
	EndProjectSection
EndProject
Project("{2150E333-8FDC-42A3-9474-1A3956D46DE8}") = "Solution Items", "Solution Items", "{A92F6DD5-E307-4085-853D-4EAE2A3010FF}"
EndProject
Global
	GlobalSection(SolutionConfigurationPlatforms) = preSolution
		Debug|Any CPU = Debug|Any CPU
		Release|Any CPU = Release|Any CPU
	EndGlobalSection
	GlobalSection(ProjectConfigurationPlatforms) = postSolution
		{A94F16EA-F043-4A71-9D32-922FCC784833}.Debug|Any CPU.ActiveCfg = Debug|Any CPU
		{A94F16EA-F043-4A71-9D32-922FCC784833}.Debug|Any CPU.Build.0 = Debug|Any CPU
		{A94F16EA-F043-4A71-9D32-922FCC784833}.Release|Any CPU.ActiveCfg = Release|Any CPU
		{A94F16EA-F043-4A71-9D32-922FCC784833}.Release|Any CPU.Build.0 = Release|Any CPU
		{7C13CC6E-C32D-4886-B625-8D26F762F068}.Debug|Any CPU.ActiveCfg = Debug|Any CPU
		{7C13CC6E-C32D-4886-B625-8D26F762F068}.Debug|Any CPU.Build.0 = Debug|Any CPU
		{7C13CC6E-C32D-4886-B625-8D26F762F068}.Release|Any CPU.ActiveCfg = Release|Any CPU
		{7C13CC6E-C32D-4886-B625-8D26F762F068}.Release|Any CPU.Build.0 = Release|Any CPU
		{790E12B7-EF85-4F39-B60D-E3E29EB9A3E8}.Debug|Any CPU.ActiveCfg = Debug|Any CPU
		{790E12B7-EF85-4F39-B60D-E3E29EB9A3E8}.Debug|Any CPU.Build.0 = Debug|Any CPU
		{790E12B7-EF85-4F39-B60D-E3E29EB9A3E8}.Release|Any CPU.ActiveCfg = Release|Any CPU
		{790E12B7-EF85-4F39-B60D-E3E29EB9A3E8}.Release|Any CPU.Build.0 = Release|Any CPU
		{7742363F-C2F1-4777-BFE4-63A10F370698}.Debug|Any CPU.ActiveCfg = Debug|Any CPU
		{7742363F-C2F1-4777-BFE4-63A10F370698}.Debug|Any CPU.Build.0 = Debug|Any CPU
		{7742363F-C2F1-4777-BFE4-63A10F370698}.Release|Any CPU.ActiveCfg = Release|Any CPU
		{7742363F-C2F1-4777-BFE4-63A10F370698}.Release|Any CPU.Build.0 = Release|Any CPU
		{EE704935-9BE7-4BCB-A1A4-11C6CAA61292}.Debug|Any CPU.ActiveCfg = Debug|Any CPU
		{EE704935-9BE7-4BCB-A1A4-11C6CAA61292}.Debug|Any CPU.Build.0 = Debug|Any CPU
		{EE704935-9BE7-4BCB-A1A4-11C6CAA61292}.Release|Any CPU.ActiveCfg = Release|Any CPU
		{EE704935-9BE7-4BCB-A1A4-11C6CAA61292}.Release|Any CPU.Build.0 = Release|Any CPU
	EndGlobalSection
	GlobalSection(SolutionProperties) = preSolution
		HideSolutionNode = FALSE
	EndGlobalSection
EndGlobal
